
Microsoft Visual Studio Solution File, Format Version 12.00
# Visual Studio Version 17
VisualStudioVersion = 17.5.002.0
MinimumVisualStudioVersion = 10.0.40219.1
Project("{9A19103F-16F7-4668-BE54-9A1E7A4F7556}") = "cs_test", "cs_test\cs_test.csproj", "{212773E5-7B29-40F2-A277-84538451FEC1}"
EndProject
Global
	GlobalSection(SolutionConfigurationPlatforms) = preSolution
		Debug|Any CPU = Debug|Any CPU
		Release|Any CPU = Release|Any CPU
	EndGlobalSection
	GlobalSection(ProjectConfigurationPlatforms) = postSolution
		{212773E5-7B29-40F2-A277-84538451FEC1}.Debug|Any CPU.ActiveCfg = Debug|Any CPU
		{212773E5-7B29-40F2-A277-84538451FEC1}.Debug|Any CPU.Build.0 = Debug|Any CPU
		{212773E5-7B29-40F2-A277-84538451FEC1}.Release|Any CPU.ActiveCfg = Release|Any CPU
		{212773E5-7B29-40F2-A277-84538451FEC1}.Release|Any CPU.Build.0 = Release|Any CPU
	EndGlobalSection
	GlobalSection(SolutionProperties) = preSolution
		HideSolutionNode = FALSE
	EndGlobalSection
	GlobalSection(ExtensibilityGlobals) = postSolution
		SolutionGuid = {F113480C-CB9B-4F03-9A81-0C455C601C24}
	EndGlobalSection
EndGlobal
